
Microsoft Visual Studio Solution File, Format Version 12.00
# Visual Studio Version 16
VisualStudioVersion = 16.0.30002.166
MinimumVisualStudioVersion = 10.0.40219.1
Project("{FAE04EC0-301F-11D3-BF4B-00C04F79EFBC}") = "WiproPriceSystem.Application", "WiproPriceSystem.Application\WiproPriceSystem.Application.csproj", "{1B9A8FB3-DDA7-4D3D-9B25-0BCFF4BFB5DD}"
EndProject
Project("{FAE04EC0-301F-11D3-BF4B-00C04F79EFBC}") = "WiproPriceSystem.Domain", "WiproPriceSystem.Domain\WiproPriceSystem.Domain.csproj", "{6B37F786-1EA3-4D96-8B85-4FF551FAE469}"
EndProject
Project("{FAE04EC0-301F-11D3-BF4B-00C04F79EFBC}") = "WiproPriceSystem.Infra", "WiproPriceSystem.Infra\WiproPriceSystem.Infra.csproj", "{4C70C36C-0758-41B9-89D5-DC9929411C5A}"
EndProject
Project("{FAE04EC0-301F-11D3-BF4B-00C04F79EFBC}") = "WiproPriceSystem.Ioc", "WiproPriceSystem.Ioc\WiproPriceSystem.Ioc.csproj", "{B85FC422-FA72-43D2-8C44-A5EF8E8E004D}"
EndProject
Project("{FAE04EC0-301F-11D3-BF4B-00C04F79EFBC}") = "WiproPriceSystem.Api", "WiproPriceSystem.Api\WiproPriceSystem.Api.csproj", "{1F179B36-5FEB-468E-9571-766258A516B3}"
EndProject
Global
	GlobalSection(SolutionConfigurationPlatforms) = preSolution
		Debug|Any CPU = Debug|Any CPU
		Release|Any CPU = Release|Any CPU
	EndGlobalSection
	GlobalSection(ProjectConfigurationPlatforms) = postSolution
		{1B9A8FB3-DDA7-4D3D-9B25-0BCFF4BFB5DD}.Debug|Any CPU.ActiveCfg = Debug|Any CPU
		{1B9A8FB3-DDA7-4D3D-9B25-0BCFF4BFB5DD}.Debug|Any CPU.Build.0 = Debug|Any CPU
		{1B9A8FB3-DDA7-4D3D-9B25-0BCFF4BFB5DD}.Release|Any CPU.ActiveCfg = Release|Any CPU
		{1B9A8FB3-DDA7-4D3D-9B25-0BCFF4BFB5DD}.Release|Any CPU.Build.0 = Release|Any CPU
		{6B37F786-1EA3-4D96-8B85-4FF551FAE469}.Debug|Any CPU.ActiveCfg = Debug|Any CPU
		{6B37F786-1EA3-4D96-8B85-4FF551FAE469}.Debug|Any CPU.Build.0 = Debug|Any CPU
		{6B37F786-1EA3-4D96-8B85-4FF551FAE469}.Release|Any CPU.ActiveCfg = Release|Any CPU
		{6B37F786-1EA3-4D96-8B85-4FF551FAE469}.Release|Any CPU.Build.0 = Release|Any CPU
		{4C70C36C-0758-41B9-89D5-DC9929411C5A}.Debug|Any CPU.ActiveCfg = Debug|Any CPU
		{4C70C36C-0758-41B9-89D5-DC9929411C5A}.Debug|Any CPU.Build.0 = Debug|Any CPU
		{4C70C36C-0758-41B9-89D5-DC9929411C5A}.Release|Any CPU.ActiveCfg = Release|Any CPU
		{4C70C36C-0758-41B9-89D5-DC9929411C5A}.Release|Any CPU.Build.0 = Release|Any CPU
		{B85FC422-FA72-43D2-8C44-A5EF8E8E004D}.Debug|Any CPU.ActiveCfg = Debug|Any CPU
		{B85FC422-FA72-43D2-8C44-A5EF8E8E004D}.Debug|Any CPU.Build.0 = Debug|Any CPU
		{B85FC422-FA72-43D2-8C44-A5EF8E8E004D}.Release|Any CPU.ActiveCfg = Release|Any CPU
		{B85FC422-FA72-43D2-8C44-A5EF8E8E004D}.Release|Any CPU.Build.0 = Release|Any CPU
		{1F179B36-5FEB-468E-9571-766258A516B3}.Debug|Any CPU.ActiveCfg = Debug|Any CPU
		{1F179B36-5FEB-468E-9571-766258A516B3}.Debug|Any CPU.Build.0 = Debug|Any CPU
		{1F179B36-5FEB-468E-9571-766258A516B3}.Release|Any CPU.ActiveCfg = Release|Any CPU
		{1F179B36-5FEB-468E-9571-766258A516B3}.Release|Any CPU.Build.0 = Release|Any CPU
	EndGlobalSection
	GlobalSection(SolutionProperties) = preSolution
		HideSolutionNode = FALSE
	EndGlobalSection
	GlobalSection(ExtensibilityGlobals) = postSolution
		SolutionGuid = {FED9695D-DF0E-4BE0-9F48-D45AE81815DF}
	EndGlobalSection
EndGlobal
